
Microsoft Visual Studio Solution File, Format Version 12.00
# Visual Studio Version 17
VisualStudioVersion = 17.1.32228.430
MinimumVisualStudioVersion = 10.0.40219.1
Project("{2150E333-8FDC-42A3-9474-1A3956D46DE8}") = "Creational", "Creational", "{BF47945B-9093-4893-83C5-61B60BD8CCB4}"
EndProject
Project("{9A19103F-16F7-4668-BE54-9A1E7A4F7556}") = "TeachMeSkills.DotNet.Patterns.Creational.Factory", "src\Creational\TeachMeSkills.DotNet.Patterns.Creational.Factory\TeachMeSkills.DotNet.Patterns.Creational.Factory.csproj", "{28AC8B9D-7B35-47F5-AB38-1E13BC2FFB74}"
EndProject
Project("{FAE04EC0-301F-11D3-BF4B-00C04F79EFBC}") = "TeachMeSkills.DotNet.Patterns.Creational.AbstractFactory", "src\Creational\TeachMeSkills.DotNet.Patterns.Creational.AbstractFactory\TeachMeSkills.DotNet.Patterns.Creational.AbstractFactory.csproj", "{1E633CD3-CD20-423F-83FF-4FAACAD0202D}"
EndProject
Project("{FAE04EC0-301F-11D3-BF4B-00C04F79EFBC}") = "TeachMeSkills.DotNet.Patterns.Creational.Builder", "src\Creational\TeachMeSkills.DotNet.Patterns.Creational.Builder\TeachMeSkills.DotNet.Patterns.Creational.Builder.csproj", "{0B74FAAE-CCA2-4868-A94B-D16DE4D65B97}"
EndProject
Project("{FAE04EC0-301F-11D3-BF4B-00C04F79EFBC}") = "TeachMeSkills.DotNet.Patterns.Creational.Prototype", "src\Creational\TeachMeSkills.DotNet.Patterns.Creational.Prototype\TeachMeSkills.DotNet.Patterns.Creational.Prototype.csproj", "{B9AFB3B6-C171-415D-9ADE-33C598DC3B5F}"
EndProject
Project("{FAE04EC0-301F-11D3-BF4B-00C04F79EFBC}") = "TeachMeSkills.DotNet.Patterns.Creational.Singleton", "src\Creational\TeachMeSkills.DotNet.Patterns.Creational.Singleton\TeachMeSkills.DotNet.Patterns.Creational.Singleton.csproj", "{009E1E79-536A-4519-912E-B115DCA73BF6}"
EndProject
Project("{2150E333-8FDC-42A3-9474-1A3956D46DE8}") = "Structural", "Structural", "{4374ED40-10B8-42C9-9A4E-0DF637FF66AC}"
EndProject
Project("{FAE04EC0-301F-11D3-BF4B-00C04F79EFBC}") = "TeachMeSkills.DotNet.Patterns.Structural.Adapter", "src\Structural\TeachMeSkills.DotNet.Patterns.Structural.Adapter\TeachMeSkills.DotNet.Patterns.Structural.Adapter.csproj", "{F5867728-957E-4243-9A87-C249F9437A82}"
EndProject
Project("{FAE04EC0-301F-11D3-BF4B-00C04F79EFBC}") = "TeachMeSkills.DotNet.Patterns.Structural.Bridge", "src\Structural\TeachMeSkills.DotNet.Patterns.Structural.Bridge\TeachMeSkills.DotNet.Patterns.Structural.Bridge.csproj", "{DA6E802D-1FD8-4D3F-915B-25D907CCAD6F}"
EndProject
Global
	GlobalSection(SolutionConfigurationPlatforms) = preSolution
		Debug|Any CPU = Debug|Any CPU
		Release|Any CPU = Release|Any CPU
	EndGlobalSection
	GlobalSection(ProjectConfigurationPlatforms) = postSolution
		{28AC8B9D-7B35-47F5-AB38-1E13BC2FFB74}.Debug|Any CPU.ActiveCfg = Debug|Any CPU
		{28AC8B9D-7B35-47F5-AB38-1E13BC2FFB74}.Debug|Any CPU.Build.0 = Debug|Any CPU
		{28AC8B9D-7B35-47F5-AB38-1E13BC2FFB74}.Release|Any CPU.ActiveCfg = Release|Any CPU
		{28AC8B9D-7B35-47F5-AB38-1E13BC2FFB74}.Release|Any CPU.Build.0 = Release|Any CPU
		{1E633CD3-CD20-423F-83FF-4FAACAD0202D}.Debug|Any CPU.ActiveCfg = Debug|Any CPU
		{1E633CD3-CD20-423F-83FF-4FAACAD0202D}.Debug|Any CPU.Build.0 = Debug|Any CPU
		{1E633CD3-CD20-423F-83FF-4FAACAD0202D}.Release|Any CPU.ActiveCfg = Release|Any CPU
		{1E633CD3-CD20-423F-83FF-4FAACAD0202D}.Release|Any CPU.Build.0 = Release|Any CPU
		{0B74FAAE-CCA2-4868-A94B-D16DE4D65B97}.Debug|Any CPU.ActiveCfg = Debug|Any CPU
		{0B74FAAE-CCA2-4868-A94B-D16DE4D65B97}.Debug|Any CPU.Build.0 = Debug|Any CPU
		{0B74FAAE-CCA2-4868-A94B-D16DE4D65B97}.Release|Any CPU.ActiveCfg = Release|Any CPU
		{0B74FAAE-CCA2-4868-A94B-D16DE4D65B97}.Release|Any CPU.Build.0 = Release|Any CPU
		{B9AFB3B6-C171-415D-9ADE-33C598DC3B5F}.Debug|Any CPU.ActiveCfg = Debug|Any CPU
		{B9AFB3B6-C171-415D-9ADE-33C598DC3B5F}.Debug|Any CPU.Build.0 = Debug|Any CPU
		{B9AFB3B6-C171-415D-9ADE-33C598DC3B5F}.Release|Any CPU.ActiveCfg = Release|Any CPU
		{B9AFB3B6-C171-415D-9ADE-33C598DC3B5F}.Release|Any CPU.Build.0 = Release|Any CPU
		{009E1E79-536A-4519-912E-B115DCA73BF6}.Debug|Any CPU.ActiveCfg = Debug|Any CPU
		{009E1E79-536A-4519-912E-B115DCA73BF6}.Debug|Any CPU.Build.0 = Debug|Any CPU
		{009E1E79-536A-4519-912E-B115DCA73BF6}.Release|Any CPU.ActiveCfg = Release|Any CPU
		{009E1E79-536A-4519-912E-B115DCA73BF6}.Release|Any CPU.Build.0 = Release|Any CPU
		{F5867728-957E-4243-9A87-C249F9437A82}.Debug|Any CPU.ActiveCfg = Debug|Any CPU
		{F5867728-957E-4243-9A87-C249F9437A82}.Debug|Any CPU.Build.0 = Debug|Any CPU
		{F5867728-957E-4243-9A87-C249F9437A82}.Release|Any CPU.ActiveCfg = Release|Any CPU
		{F5867728-957E-4243-9A87-C249F9437A82}.Release|Any CPU.Build.0 = Release|Any CPU
		{DA6E802D-1FD8-4D3F-915B-25D907CCAD6F}.Debug|Any CPU.ActiveCfg = Debug|Any CPU
		{DA6E802D-1FD8-4D3F-915B-25D907CCAD6F}.Debug|Any CPU.Build.0 = Debug|Any CPU
		{DA6E802D-1FD8-4D3F-915B-25D907CCAD6F}.Release|Any CPU.ActiveCfg = Release|Any CPU
		{DA6E802D-1FD8-4D3F-915B-25D907CCAD6F}.Release|Any CPU.Build.0 = Release|Any CPU
	EndGlobalSection
	GlobalSection(SolutionProperties) = preSolution
		HideSolutionNode = FALSE
	EndGlobalSection
	GlobalSection(NestedProjects) = preSolution
		{28AC8B9D-7B35-47F5-AB38-1E13BC2FFB74} = {BF47945B-9093-4893-83C5-61B60BD8CCB4}
		{1E633CD3-CD20-423F-83FF-4FAACAD0202D} = {BF47945B-9093-4893-83C5-61B60BD8CCB4}
		{0B74FAAE-CCA2-4868-A94B-D16DE4D65B97} = {BF47945B-9093-4893-83C5-61B60BD8CCB4}
		{B9AFB3B6-C171-415D-9ADE-33C598DC3B5F} = {BF47945B-9093-4893-83C5-61B60BD8CCB4}
		{009E1E79-536A-4519-912E-B115DCA73BF6} = {BF47945B-9093-4893-83C5-61B60BD8CCB4}
		{F5867728-957E-4243-9A87-C249F9437A82} = {4374ED40-10B8-42C9-9A4E-0DF637FF66AC}
		{DA6E802D-1FD8-4D3F-915B-25D907CCAD6F} = {4374ED40-10B8-42C9-9A4E-0DF637FF66AC}
	EndGlobalSection
	GlobalSection(ExtensibilityGlobals) = postSolution
		SolutionGuid = {9F4784C2-4E07-4C2C-AD61-C6E61BCE45F7}
	EndGlobalSection
EndGlobal
