
Microsoft Visual Studio Solution File, Format Version 12.00
# Visual Studio Version 17
VisualStudioVersion = 17.1.32228.430
MinimumVisualStudioVersion = 10.0.40219.1
Project("{2150E333-8FDC-42A3-9474-1A3956D46DE8}") = "Creational", "Creational", "{BF47945B-9093-4893-83C5-61B60BD8CCB4}"
EndProject
Project("{9A19103F-16F7-4668-BE54-9A1E7A4F7556}") = "TeachMeSkills.DotNet.Patterns.Creational.Factory", "src\Creational\TeachMeSkills.DotNet.Patterns.Creational.Factory\TeachMeSkills.DotNet.Patterns.Creational.Factory.csproj", "{28AC8B9D-7B35-47F5-AB38-1E13BC2FFB74}"
EndProject
Project("{9A19103F-16F7-4668-BE54-9A1E7A4F7556}") = "TeachMeSkills.DotNet.Patterns.Creational.AbstractFactory", "src\Creational\TeachMeSkills.DotNet.Patterns.Creational.AbstractFactory\TeachMeSkills.DotNet.Patterns.Creational.AbstractFactory.csproj", "{1E633CD3-CD20-423F-83FF-4FAACAD0202D}"
EndProject
Project("{9A19103F-16F7-4668-BE54-9A1E7A4F7556}") = "TeachMeSkills.DotNet.Patterns.Creational.Builder", "src\Creational\TeachMeSkills.DotNet.Patterns.Creational.Builder\TeachMeSkills.DotNet.Patterns.Creational.Builder.csproj", "{0B74FAAE-CCA2-4868-A94B-D16DE4D65B97}"
EndProject
Project("{9A19103F-16F7-4668-BE54-9A1E7A4F7556}") = "TeachMeSkills.DotNet.Patterns.Creational.Prototype", "src\Creational\TeachMeSkills.DotNet.Patterns.Creational.Prototype\TeachMeSkills.DotNet.Patterns.Creational.Prototype.csproj", "{B9AFB3B6-C171-415D-9ADE-33C598DC3B5F}"
EndProject
Project("{9A19103F-16F7-4668-BE54-9A1E7A4F7556}") = "TeachMeSkills.DotNet.Patterns.Creational.Singleton", "src\Creational\TeachMeSkills.DotNet.Patterns.Creational.Singleton\TeachMeSkills.DotNet.Patterns.Creational.Singleton.csproj", "{009E1E79-536A-4519-912E-B115DCA73BF6}"
EndProject
Project("{2150E333-8FDC-42A3-9474-1A3956D46DE8}") = "Structural", "Structural", "{4374ED40-10B8-42C9-9A4E-0DF637FF66AC}"
EndProject
Project("{9A19103F-16F7-4668-BE54-9A1E7A4F7556}") = "TeachMeSkills.DotNet.Patterns.Structural.Adapter", "src\Structural\TeachMeSkills.DotNet.Patterns.Structural.Adapter\TeachMeSkills.DotNet.Patterns.Structural.Adapter.csproj", "{F5867728-957E-4243-9A87-C249F9437A82}"
EndProject
Project("{9A19103F-16F7-4668-BE54-9A1E7A4F7556}") = "TeachMeSkills.DotNet.Patterns.Structural.Bridge", "src\Structural\TeachMeSkills.DotNet.Patterns.Structural.Bridge\TeachMeSkills.DotNet.Patterns.Structural.Bridge.csproj", "{DA6E802D-1FD8-4D3F-915B-25D907CCAD6F}"
EndProject
Project("{9A19103F-16F7-4668-BE54-9A1E7A4F7556}") = "TeachMeSkills.DotNet.Patterns.Structural.Composite", "src\Structural\TeachMeSkills.DotNet.Patterns.Structural.Composite\TeachMeSkills.DotNet.Patterns.Structural.Composite.csproj", "{95D27645-C41D-4E9B-9362-F036C52C80DA}"
EndProject
Project("{9A19103F-16F7-4668-BE54-9A1E7A4F7556}") = "TeachMeSkills.DotNet.Patterns.Structural.Decorator", "src\Structural\TeachMeSkills.DotNet.Patterns.Structural.Decorator\TeachMeSkills.DotNet.Patterns.Structural.Decorator.csproj", "{B0F7BFE3-6D39-46F5-8C29-DD7DC415ED56}"
EndProject
Project("{9A19103F-16F7-4668-BE54-9A1E7A4F7556}") = "TeachMeSkills.DotNet.Patterns.Structural.Facade", "src\Structural\TeachMeSkills.DotNet.Patterns.Structural.Facade\TeachMeSkills.DotNet.Patterns.Structural.Facade.csproj", "{4E959EB6-FD97-462D-9573-07B3DB2B84B9}"
EndProject
Project("{9A19103F-16F7-4668-BE54-9A1E7A4F7556}") = "TeachMeSkills.DotNet.Patterns.Structural.Flyweight", "src\Structural\TeachMeSkills.DotNet.Patterns.Structural.Flyweight\TeachMeSkills.DotNet.Patterns.Structural.Flyweight.csproj", "{A55311FD-6930-40BF-9E28-F5E1B149DF9E}"
EndProject
Project("{9A19103F-16F7-4668-BE54-9A1E7A4F7556}") = "TeachMeSkills.DotNet.Patterns.Structural.Proxy", "src\Structural\TeachMeSkills.DotNet.Patterns.Structural.Proxy\TeachMeSkills.DotNet.Patterns.Structural.Proxy.csproj", "{3B435F51-5D8D-488F-AEA7-4B60A2494E00}"
EndProject
Project("{2150E333-8FDC-42A3-9474-1A3956D46DE8}") = "Behavioral", "Behavioral", "{525D2BC5-BDB0-4C61-A48E-9E00D507EA4A}"
EndProject
Project("{FAE04EC0-301F-11D3-BF4B-00C04F79EFBC}") = "TeachMeSkills.DotNet.Patterns.Behavioral.ChainOfResponsibility", "src\Behavioral\TeachMeSkills.DotNet.Patterns.Behavioral.ChainOfResponsibility\TeachMeSkills.DotNet.Patterns.Behavioral.ChainOfResponsibility.csproj", "{92789B71-62FC-470B-B1B7-C4746FA6C01B}"
EndProject
Project("{FAE04EC0-301F-11D3-BF4B-00C04F79EFBC}") = "TeachMeSkills.DotNet.Patterns.Behavioral.Command", "src\Behavioral\TeachMeSkills.DotNet.Patterns.Behavioral.Command\TeachMeSkills.DotNet.Patterns.Behavioral.Command.csproj", "{8C110C22-8DAE-4B12-BC49-C0D8CE38C389}"
EndProject
Project("{FAE04EC0-301F-11D3-BF4B-00C04F79EFBC}") = "TeachMeSkills.DotNet.Patterns.Behavioral.Mediator", "src\Behavioral\TeachMeSkills.DotNet.Patterns.Behavioral.Mediator\TeachMeSkills.DotNet.Patterns.Behavioral.Mediator.csproj", "{A9FBBFC1-27B7-4365-A623-53A308265161}"
EndProject
Project("{FAE04EC0-301F-11D3-BF4B-00C04F79EFBC}") = "TeachMeSkills.DotNet.Patterns.Behavioral.Memento", "src\Behavioral\TeachMeSkills.DotNet.Patterns.Behavioral.Memento\TeachMeSkills.DotNet.Patterns.Behavioral.Memento.csproj", "{F2D00BC9-8910-4B3B-98DD-D9088C8A8D3B}"
EndProject
Project("{FAE04EC0-301F-11D3-BF4B-00C04F79EFBC}") = "TeachMeSkills.DotNet.Patterns.Behavioral.Observer", "src\Behavioral\TeachMeSkills.DotNet.Patterns.Behavioral.Observer\TeachMeSkills.DotNet.Patterns.Behavioral.Observer.csproj", "{2F0BCC94-AC30-4A61-AB84-40358095CD4C}"
EndProject
Project("{FAE04EC0-301F-11D3-BF4B-00C04F79EFBC}") = "TeachMeSkills.DotNet.Patterns.Behavioral.State", "src\Behavioral\TeachMeSkills.DotNet.Patterns.Behavioral.State\TeachMeSkills.DotNet.Patterns.Behavioral.State.csproj", "{24E1DFA7-FC44-4D19-83FC-BAD840DE3E31}"
EndProject
Global
	GlobalSection(SolutionConfigurationPlatforms) = preSolution
		Debug|Any CPU = Debug|Any CPU
		Release|Any CPU = Release|Any CPU
	EndGlobalSection
	GlobalSection(ProjectConfigurationPlatforms) = postSolution
		{28AC8B9D-7B35-47F5-AB38-1E13BC2FFB74}.Debug|Any CPU.ActiveCfg = Debug|Any CPU
		{28AC8B9D-7B35-47F5-AB38-1E13BC2FFB74}.Debug|Any CPU.Build.0 = Debug|Any CPU
		{28AC8B9D-7B35-47F5-AB38-1E13BC2FFB74}.Release|Any CPU.ActiveCfg = Release|Any CPU
		{28AC8B9D-7B35-47F5-AB38-1E13BC2FFB74}.Release|Any CPU.Build.0 = Release|Any CPU
		{1E633CD3-CD20-423F-83FF-4FAACAD0202D}.Debug|Any CPU.ActiveCfg = Debug|Any CPU
		{1E633CD3-CD20-423F-83FF-4FAACAD0202D}.Debug|Any CPU.Build.0 = Debug|Any CPU
		{1E633CD3-CD20-423F-83FF-4FAACAD0202D}.Release|Any CPU.ActiveCfg = Release|Any CPU
		{1E633CD3-CD20-423F-83FF-4FAACAD0202D}.Release|Any CPU.Build.0 = Release|Any CPU
		{0B74FAAE-CCA2-4868-A94B-D16DE4D65B97}.Debug|Any CPU.ActiveCfg = Debug|Any CPU
		{0B74FAAE-CCA2-4868-A94B-D16DE4D65B97}.Debug|Any CPU.Build.0 = Debug|Any CPU
		{0B74FAAE-CCA2-4868-A94B-D16DE4D65B97}.Release|Any CPU.ActiveCfg = Release|Any CPU
		{0B74FAAE-CCA2-4868-A94B-D16DE4D65B97}.Release|Any CPU.Build.0 = Release|Any CPU
		{B9AFB3B6-C171-415D-9ADE-33C598DC3B5F}.Debug|Any CPU.ActiveCfg = Debug|Any CPU
		{B9AFB3B6-C171-415D-9ADE-33C598DC3B5F}.Debug|Any CPU.Build.0 = Debug|Any CPU
		{B9AFB3B6-C171-415D-9ADE-33C598DC3B5F}.Release|Any CPU.ActiveCfg = Release|Any CPU
		{B9AFB3B6-C171-415D-9ADE-33C598DC3B5F}.Release|Any CPU.Build.0 = Release|Any CPU
		{009E1E79-536A-4519-912E-B115DCA73BF6}.Debug|Any CPU.ActiveCfg = Debug|Any CPU
		{009E1E79-536A-4519-912E-B115DCA73BF6}.Debug|Any CPU.Build.0 = Debug|Any CPU
		{009E1E79-536A-4519-912E-B115DCA73BF6}.Release|Any CPU.ActiveCfg = Release|Any CPU
		{009E1E79-536A-4519-912E-B115DCA73BF6}.Release|Any CPU.Build.0 = Release|Any CPU
		{F5867728-957E-4243-9A87-C249F9437A82}.Debug|Any CPU.ActiveCfg = Debug|Any CPU
		{F5867728-957E-4243-9A87-C249F9437A82}.Debug|Any CPU.Build.0 = Debug|Any CPU
		{F5867728-957E-4243-9A87-C249F9437A82}.Release|Any CPU.ActiveCfg = Release|Any CPU
		{F5867728-957E-4243-9A87-C249F9437A82}.Release|Any CPU.Build.0 = Release|Any CPU
		{DA6E802D-1FD8-4D3F-915B-25D907CCAD6F}.Debug|Any CPU.ActiveCfg = Debug|Any CPU
		{DA6E802D-1FD8-4D3F-915B-25D907CCAD6F}.Debug|Any CPU.Build.0 = Debug|Any CPU
		{DA6E802D-1FD8-4D3F-915B-25D907CCAD6F}.Release|Any CPU.ActiveCfg = Release|Any CPU
		{DA6E802D-1FD8-4D3F-915B-25D907CCAD6F}.Release|Any CPU.Build.0 = Release|Any CPU
		{95D27645-C41D-4E9B-9362-F036C52C80DA}.Debug|Any CPU.ActiveCfg = Debug|Any CPU
		{95D27645-C41D-4E9B-9362-F036C52C80DA}.Debug|Any CPU.Build.0 = Debug|Any CPU
		{95D27645-C41D-4E9B-9362-F036C52C80DA}.Release|Any CPU.ActiveCfg = Release|Any CPU
		{95D27645-C41D-4E9B-9362-F036C52C80DA}.Release|Any CPU.Build.0 = Release|Any CPU
		{B0F7BFE3-6D39-46F5-8C29-DD7DC415ED56}.Debug|Any CPU.ActiveCfg = Debug|Any CPU
		{B0F7BFE3-6D39-46F5-8C29-DD7DC415ED56}.Debug|Any CPU.Build.0 = Debug|Any CPU
		{B0F7BFE3-6D39-46F5-8C29-DD7DC415ED56}.Release|Any CPU.ActiveCfg = Release|Any CPU
		{B0F7BFE3-6D39-46F5-8C29-DD7DC415ED56}.Release|Any CPU.Build.0 = Release|Any CPU
		{4E959EB6-FD97-462D-9573-07B3DB2B84B9}.Debug|Any CPU.ActiveCfg = Debug|Any CPU
		{4E959EB6-FD97-462D-9573-07B3DB2B84B9}.Debug|Any CPU.Build.0 = Debug|Any CPU
		{4E959EB6-FD97-462D-9573-07B3DB2B84B9}.Release|Any CPU.ActiveCfg = Release|Any CPU
		{4E959EB6-FD97-462D-9573-07B3DB2B84B9}.Release|Any CPU.Build.0 = Release|Any CPU
		{A55311FD-6930-40BF-9E28-F5E1B149DF9E}.Debug|Any CPU.ActiveCfg = Debug|Any CPU
		{A55311FD-6930-40BF-9E28-F5E1B149DF9E}.Debug|Any CPU.Build.0 = Debug|Any CPU
		{A55311FD-6930-40BF-9E28-F5E1B149DF9E}.Release|Any CPU.ActiveCfg = Release|Any CPU
		{A55311FD-6930-40BF-9E28-F5E1B149DF9E}.Release|Any CPU.Build.0 = Release|Any CPU
		{3B435F51-5D8D-488F-AEA7-4B60A2494E00}.Debug|Any CPU.ActiveCfg = Debug|Any CPU
		{3B435F51-5D8D-488F-AEA7-4B60A2494E00}.Debug|Any CPU.Build.0 = Debug|Any CPU
		{3B435F51-5D8D-488F-AEA7-4B60A2494E00}.Release|Any CPU.ActiveCfg = Release|Any CPU
		{3B435F51-5D8D-488F-AEA7-4B60A2494E00}.Release|Any CPU.Build.0 = Release|Any CPU
		{92789B71-62FC-470B-B1B7-C4746FA6C01B}.Debug|Any CPU.ActiveCfg = Debug|Any CPU
		{92789B71-62FC-470B-B1B7-C4746FA6C01B}.Debug|Any CPU.Build.0 = Debug|Any CPU
		{92789B71-62FC-470B-B1B7-C4746FA6C01B}.Release|Any CPU.ActiveCfg = Release|Any CPU
		{92789B71-62FC-470B-B1B7-C4746FA6C01B}.Release|Any CPU.Build.0 = Release|Any CPU
		{8C110C22-8DAE-4B12-BC49-C0D8CE38C389}.Debug|Any CPU.ActiveCfg = Debug|Any CPU
		{8C110C22-8DAE-4B12-BC49-C0D8CE38C389}.Debug|Any CPU.Build.0 = Debug|Any CPU
		{8C110C22-8DAE-4B12-BC49-C0D8CE38C389}.Release|Any CPU.ActiveCfg = Release|Any CPU
		{8C110C22-8DAE-4B12-BC49-C0D8CE38C389}.Release|Any CPU.Build.0 = Release|Any CPU
		{A9FBBFC1-27B7-4365-A623-53A308265161}.Debug|Any CPU.ActiveCfg = Debug|Any CPU
		{A9FBBFC1-27B7-4365-A623-53A308265161}.Debug|Any CPU.Build.0 = Debug|Any CPU
		{A9FBBFC1-27B7-4365-A623-53A308265161}.Release|Any CPU.ActiveCfg = Release|Any CPU
		{A9FBBFC1-27B7-4365-A623-53A308265161}.Release|Any CPU.Build.0 = Release|Any CPU
		{F2D00BC9-8910-4B3B-98DD-D9088C8A8D3B}.Debug|Any CPU.ActiveCfg = Debug|Any CPU
		{F2D00BC9-8910-4B3B-98DD-D9088C8A8D3B}.Debug|Any CPU.Build.0 = Debug|Any CPU
		{F2D00BC9-8910-4B3B-98DD-D9088C8A8D3B}.Release|Any CPU.ActiveCfg = Release|Any CPU
		{F2D00BC9-8910-4B3B-98DD-D9088C8A8D3B}.Release|Any CPU.Build.0 = Release|Any CPU
		{2F0BCC94-AC30-4A61-AB84-40358095CD4C}.Debug|Any CPU.ActiveCfg = Debug|Any CPU
		{2F0BCC94-AC30-4A61-AB84-40358095CD4C}.Debug|Any CPU.Build.0 = Debug|Any CPU
		{2F0BCC94-AC30-4A61-AB84-40358095CD4C}.Release|Any CPU.ActiveCfg = Release|Any CPU
		{2F0BCC94-AC30-4A61-AB84-40358095CD4C}.Release|Any CPU.Build.0 = Release|Any CPU
		{24E1DFA7-FC44-4D19-83FC-BAD840DE3E31}.Debug|Any CPU.ActiveCfg = Debug|Any CPU
		{24E1DFA7-FC44-4D19-83FC-BAD840DE3E31}.Debug|Any CPU.Build.0 = Debug|Any CPU
		{24E1DFA7-FC44-4D19-83FC-BAD840DE3E31}.Release|Any CPU.ActiveCfg = Release|Any CPU
		{24E1DFA7-FC44-4D19-83FC-BAD840DE3E31}.Release|Any CPU.Build.0 = Release|Any CPU
	EndGlobalSection
	GlobalSection(SolutionProperties) = preSolution
		HideSolutionNode = FALSE
	EndGlobalSection
	GlobalSection(NestedProjects) = preSolution
		{28AC8B9D-7B35-47F5-AB38-1E13BC2FFB74} = {BF47945B-9093-4893-83C5-61B60BD8CCB4}
		{1E633CD3-CD20-423F-83FF-4FAACAD0202D} = {BF47945B-9093-4893-83C5-61B60BD8CCB4}
		{0B74FAAE-CCA2-4868-A94B-D16DE4D65B97} = {BF47945B-9093-4893-83C5-61B60BD8CCB4}
		{B9AFB3B6-C171-415D-9ADE-33C598DC3B5F} = {BF47945B-9093-4893-83C5-61B60BD8CCB4}
		{009E1E79-536A-4519-912E-B115DCA73BF6} = {BF47945B-9093-4893-83C5-61B60BD8CCB4}
		{F5867728-957E-4243-9A87-C249F9437A82} = {4374ED40-10B8-42C9-9A4E-0DF637FF66AC}
		{DA6E802D-1FD8-4D3F-915B-25D907CCAD6F} = {4374ED40-10B8-42C9-9A4E-0DF637FF66AC}
		{95D27645-C41D-4E9B-9362-F036C52C80DA} = {4374ED40-10B8-42C9-9A4E-0DF637FF66AC}
		{B0F7BFE3-6D39-46F5-8C29-DD7DC415ED56} = {4374ED40-10B8-42C9-9A4E-0DF637FF66AC}
		{4E959EB6-FD97-462D-9573-07B3DB2B84B9} = {4374ED40-10B8-42C9-9A4E-0DF637FF66AC}
		{A55311FD-6930-40BF-9E28-F5E1B149DF9E} = {4374ED40-10B8-42C9-9A4E-0DF637FF66AC}
		{3B435F51-5D8D-488F-AEA7-4B60A2494E00} = {4374ED40-10B8-42C9-9A4E-0DF637FF66AC}
		{92789B71-62FC-470B-B1B7-C4746FA6C01B} = {525D2BC5-BDB0-4C61-A48E-9E00D507EA4A}
		{8C110C22-8DAE-4B12-BC49-C0D8CE38C389} = {525D2BC5-BDB0-4C61-A48E-9E00D507EA4A}
		{A9FBBFC1-27B7-4365-A623-53A308265161} = {525D2BC5-BDB0-4C61-A48E-9E00D507EA4A}
		{F2D00BC9-8910-4B3B-98DD-D9088C8A8D3B} = {525D2BC5-BDB0-4C61-A48E-9E00D507EA4A}
		{2F0BCC94-AC30-4A61-AB84-40358095CD4C} = {525D2BC5-BDB0-4C61-A48E-9E00D507EA4A}
		{24E1DFA7-FC44-4D19-83FC-BAD840DE3E31} = {525D2BC5-BDB0-4C61-A48E-9E00D507EA4A}
	EndGlobalSection
	GlobalSection(ExtensibilityGlobals) = postSolution
		SolutionGuid = {9F4784C2-4E07-4C2C-AD61-C6E61BCE45F7}
	EndGlobalSection
EndGlobal
